// !$*UTF8*$!
{
	archiveVersion = 1;
	classes = {
	};
	objectVersion = 46;
	objects = {

/* Begin PBXBuildFile section */
		1FDD1E0C1FA9AA06007F0B38 /* main.m in Sources */ = {isa = PBXBuildFile; fileRef = 1FDD1E0B1FA9AA06007F0B38 /* main.m */; };
		1FDD1E0F1FA9AA06007F0B38 /* AppDelegate.m in Sources */ = {isa = PBXBuildFile; fileRef = 1FDD1E0E1FA9AA06007F0B38 /* AppDelegate.m */; };
		1FDD1E121FA9AA06007F0B38 /* ViewController.m in Sources */ = {isa = PBXBuildFile; fileRef = 1FDD1E111FA9AA06007F0B38 /* ViewController.m */; };
		1FDD1E151FA9AA06007F0B38 /* Main.storyboard in Resources */ = {isa = PBXBuildFile; fileRef = 1FDD1E131FA9AA06007F0B38 /* Main.storyboard */; };
		1FDD1E171FA9AA06007F0B38 /* Assets.xcassets in Resources */ = {isa = PBXBuildFile; fileRef = 1FDD1E161FA9AA06007F0B38 /* Assets.xcassets */; };
		1FDD1E1A1FA9AA06007F0B38 /* LaunchScreen.storyboard in Resources */ = {isa = PBXBuildFile; fileRef = 1FDD1E181FA9AA06007F0B38 /* LaunchScreen.storyboard */; };
/* End PBXBuildFile section */

/* Begin PBXFileReference section */
		1FDD1E071FA9AA06007F0B38 /* FGRSelectPageView.app */ = {isa = PBXFileReference; explicitFileType = wrapper.application; includeInIndex = 0; path = FGRSelectPageView.app; sourceTree = BUILT_PRODUCTS_DIR; };
		1FDD1E0B1FA9AA06007F0B38 /* main.m */ = {isa = PBXFileReference; lastKnownFileType = sourcecode.c.objc; path = main.m; sourceTree = "<group>"; };
		1FDD1E0D1FA9AA06007F0B38 /* AppDelegate.h */ = {isa = PBXFileReference; lastKnownFileType = sourcecode.c.h; path = AppDelegate.h; sourceTree = "<group>"; };
		1FDD1E0E1FA9AA06007F0B38 /* AppDelegate.m */ = {isa = PBXFileReference; lastKnownFileType = sourcecode.c.objc; path = AppDelegate.m; sourceTree = "<group>"; };
		1FDD1E101FA9AA06007F0B38 /* ViewController.h */ = {isa = PBXFileReference; lastKnownFileType = sourcecode.c.h; path = ViewController.h; sourceTree = "<group>"; };
		1FDD1E111FA9AA06007F0B38 /* ViewController.m */ = {isa = PBXFileReference; lastKnownFileType = sourcecode.c.objc; path = ViewController.m; sourceTree = "<group>"; };
		1FDD1E141FA9AA06007F0B38 /* Base */ = {isa = PBXFileReference; lastKnownFileType = file.storyboard; name = Base; path = Base.lproj/Main.storyboard; sourceTree = "<group>"; };
		1FDD1E161FA9AA06007F0B38 /* Assets.xcassets */ = {isa = PBXFileReference; lastKnownFileType = folder.assetcatalog; path = Assets.xcassets; sourceTree = "<group>"; };
		1FDD1E191FA9AA06007F0B38 /* Base */ = {isa = PBXFileReference; lastKnownFileType = file.storyboard; name = Base; path = Base.lproj/LaunchScreen.storyboard; sourceTree = "<group>"; };
		1FDD1E1B1FA9AA06007F0B38 /* Info.plist */ = {isa = PBXFileReference; lastKnownFileType = text.plist.xml; path = Info.plist; sourceTree = "<group>"; };
/* End PBXFileReference section */

/* Begin PBXFrameworksBuildPhase section */
		1FDD1E041FA9AA06007F0B38 /* Frameworks */ = {
			isa = PBXFrameworksBuildPhase;
			buildActionMask = 2147483647;
			files = (
			);
			runOnlyForDeploymentPostprocessing = 0;
		};
/* End PBXFrameworksBuildPhase section */

/* Begin PBXGroup section */
		1FDD1DFE1FA9AA06007F0B38 = {
			isa = PBXGroup;
			children = (
				1FDD1E091FA9AA06007F0B38 /* FGRSelectPageView */,
				1FDD1E081FA9AA06007F0B38 /* Products */,
			);
			sourceTree = "<group>";
		};
		1FDD1E081FA9AA06007F0B38 /* Products */ = {
			isa = PBXGroup;
			children = (
				1FDD1E071FA9AA06007F0B38 /* FGRSelectPageView.app */,
			);
			name = Products;
			sourceTree = "<group>";
		};
		1FDD1E091FA9AA06007F0B38 /* FGRSelectPageView */ = {
			isa = PBXGroup;
			children = (
				1FDD1E0D1FA9AA06007F0B38 /* AppDelegate.h */,
				1FDD1E0E1FA9AA06007F0B38 /* AppDelegate.m */,
				1FDD1E101FA9AA06007F0B38 /* ViewController.h */,
				1FDD1E111FA9AA06007F0B38 /* ViewController.m */,
				1FDD1E131FA9AA06007F0B38 /* Main.storyboard */,
				1FDD1E161FA9AA06007F0B38 /* Assets.xcassets */,
				1FDD1E181FA9AA06007F0B38 /* LaunchScreen.storyboard */,
				1FDD1E1B1FA9AA06007F0B38 /* Info.plist */,
				1FDD1E0A1FA9AA06007F0B38 /* Supporting Files */,
			);
			path = FGRSelectPageView;
			sourceTree = "<group>";
		};
		1FDD1E0A1FA9AA06007F0B38 /* Supporting Files */ = {
			isa = PBXGroup;
			children = (
				1FDD1E0B1FA9AA06007F0B38 /* main.m */,
			);
			name = "Supporting Files";
			sourceTree = "<group>";
		};
/* End PBXGroup section */

/* Begin PBXNativeTarget section */
		1FDD1E061FA9AA06007F0B38 /* FGRSelectPageView */ = {
			isa = PBXNativeTarget;
			buildConfigurationList = 1FDD1E1E1FA9AA06007F0B38 /* Build configuration list for PBXNativeTarget "FGRSelectPageView" */;
			buildPhases = (
				1FDD1E031FA9AA06007F0B38 /* Sources */,
				1FDD1E041FA9AA06007F0B38 /* Frameworks */,
				1FDD1E051FA9AA06007F0B38 /* Resources */,
			);
			buildRules = (
			);
			dependencies = (
			);
			name = FGRSelectPageView;
			productName = FGRSelectPageView;
			productReference = 1FDD1E071FA9AA06007F0B38 /* FGRSelectPageView.app */;
			productType = "com.apple.product-type.application";
		};
/* End PBXNativeTarget section */

/* Begin PBXProject section */
		1FDD1DFF1FA9AA06007F0B38 /* Project object */ = {
			isa = PBXProject;
			attributes = {
				LastUpgradeCheck = 0830;
				ORGANIZATIONNAME = HuanaoGroup;
				TargetAttributes = {
					1FDD1E061FA9AA06007F0B38 = {
						CreatedOnToolsVersion = 8.3.2;
						ProvisioningStyle = Automatic;
					};
				};
			};
			buildConfigurationList = 1FDD1E021FA9AA06007F0B38 /* Build configuration list for PBXProject "FGRSelectPageView" */;
			compatibilityVersion = "Xcode 3.2";
			developmentRegion = English;
			hasScannedForEncodings = 0;
			knownRegions = (
				en,
				Base,
			);
			mainGroup = 1FDD1DFE1FA9AA06007F0B38;
			productRefGroup = 1FDD1E081FA9AA06007F0B38 /* Products */;
			projectDirPath = "";
			projectRoot = "";
			targets = (
				1FDD1E061FA9AA06007F0B38 /* FGRSelectPageView */,
			);
		};
/* End PBXProject section */

/* Begin PBXResourcesBuildPhase section */
		1FDD1E051FA9AA06007F0B38 /* Resources */ = {
			isa = PBXResourcesBuildPhase;
			buildActionMask = 2147483647;
			files = (
				1FDD1E1A1FA9AA06007F0B38 /* LaunchScreen.storyboard in Resources */,
				1FDD1E171FA9AA06007F0B38 /* Assets.xcassets in Resources */,
				1FDD1E151FA9AA06007F0B38 /* Main.storyboard in Resources */,
			);
			runOnlyForDeploymentPostprocessing = 0;
		};
/* End PBXResourcesBuildPhase section */

/* Begin PBXSourcesBuildPhase section */
		1FDD1E031FA9AA06007F0B38 /* Sources */ = {
			isa = PBXSourcesBuildPhase;
			buildActionMask = 2147483647;
			files = (
				1FDD1E121FA9AA06007F0B38 /* ViewController.m in Sources */,
				1FDD1E0F1FA9AA06007F0B38 /* AppDelegate.m in Sources */,
				1FDD1E0C1FA9AA06007F0B38 /* main.m in Sources */,
			);
			runOnlyForDeploymentPostprocessing = 0;
		};
/* End PBXSourcesBuildPhase section */

/* Begin PBXVariantGroup section */
		1FDD1E131FA9AA06007F0B38 /* Main.storyboard */ = {
			isa = PBXVariantGroup;
			children = (
				1FDD1E141FA9AA06007F0B38 /* Base */,
			);
			name = Main.storyboard;
			sourceTree = "<group>";
		};
		1FDD1E181FA9AA06007F0B38 /* LaunchScreen.storyboard */ = {
			isa = PBXVariantGroup;
			children = (
				1FDD1E191FA9AA06007F0B38 /* Base */,
			);
			name = LaunchScreen.storyboard;
			sourceTree = "<group>";
		};
/* End PBXVariantGroup section */

/* Begin XCBuildConfiguration section */
		1FDD1E1C1FA9AA06007F0B38 /* Debug */ = {
			isa = XCBuildConfiguration;
			buildSettings = {
				ALWAYS_SEARCH_USER_PATHS = NO;
				CLANG_ANALYZER_NONNULL = YES;
				CLANG_ANALYZER_NUMBER_OBJECT_CONVERSION = YES_AGGRESSIVE;
				CLANG_CXX_LANGUAGE_STANDARD = "gnu++0x";
				CLANG_CXX_LIBRARY = "libc++";
				CLANG_ENABLE_MODULES = YES;
				CLANG_ENABLE_OBJC_ARC = YES;
				CLANG_WARN_BOOL_CONVERSION = YES;
				CLANG_WARN_CONSTANT_CONVERSION = YES;
				CLANG_WARN_DIRECT_OBJC_ISA_USAGE = YES_ERROR;
				CLANG_WARN_DOCUMENTATION_COMMENTS = YES;
				CLANG_WARN_EMPTY_BODY = YES;
				CLANG_WARN_ENUM_CONVERSION = YES;
				CLANG_WARN_INFINITE_RECURSION = YES;
				CLANG_WARN_INT_CONVERSION = YES;
				CLANG_WARN_OBJC_ROOT_CLASS = YES_ERROR;
				CLANG_WARN_SUSPICIOUS_MOVE = YES;
				CLANG_WARN_UNREACHABLE_CODE = YES;
				CLANG_WARN__DUPLICATE_METHOD_MATCH = YES;
				"CODE_SIGN_IDENTITY[sdk=iphoneos*]" = "iPhone Developer";
				COPY_PHASE_STRIP = NO;
				DEBUG_INFORMATION_FORMAT = dwarf;
				ENABLE_STRICT_OBJC_MSGSEND = YES;
				ENABLE_TESTABILITY = YES;
				GCC_C_LANGUAGE_STANDARD = gnu99;
				GCC_DYNAMIC_NO_PIC = NO;
				GCC_NO_COMMON_BLOCKS = YES;
				GCC_OPTIMIZATION_LEVEL = 0;
				GCC_PREPROCESSOR_DEFINITIONS = (
					"DEBUG=1",
					"$(inherited)",
				);
				GCC_WARN_64_TO_32_BIT_CONVERSION = YES;
				GCC_WARN_ABOUT_RETURN_TYPE = YES_ERROR;
				GCC_WARN_UNDECLARED_SELECTOR = YES;
				GCC_WARN_UNINITIALIZED_AUTOS = YES_AGGRESSIVE;
				GCC_WARN_UNUSED_FUNCTION = YES;
				GCC_WARN_UNUSED_VARIABLE = YES;
				IPHONEOS_DEPLOYMENT_TARGET = 10.3;
				MTL_ENABLE_DEBUG_INFO = YES;
				ONLY_ACTIVE_ARCH = YES;
				SDKROOT = iphoneos;
				TARGETED_DEVICE_FAMILY = "1,2";
			};
			name = Debug;
		};
		1FDD1E1D1FA9AA06007F0B38 /* Release */ = {
			isa = XCBuildConfiguration;
			buildSettings = {
				ALWAYS_SEARCH_USER_PATHS = NO;
				CLANG_ANALYZER_NONNULL = YES;
				CLANG_ANALYZER_NUMBER_OBJECT_CONVERSION = YES_AGGRESSIVE;
				CLANG_CXX_LANGUAGE_STANDARD = "gnu++0x";
				CLANG_CXX_LIBRARY = "libc++";
				CLANG_ENABLE_MODULES = YES;
				CLANG_ENABLE_OBJC_ARC = YES;
				CLANG_WARN_BOOL_CONVERSION = YES;
				CLANG_WARN_CONSTANT_CONVERSION = YES;
				CLANG_WARN_DIRECT_OBJC_ISA_USAGE = YES_ERROR;
				CLANG_WARN_DOCUMENTATION_COMMENTS = YES;
				CLANG_WARN_EMPTY_BODY = YES;
				CLANG_WARN_ENUM_CONVERSION = YES;
				CLANG_WARN_INFINITE_RECURSION = YES;
				CLANG_WARN_INT_CONVERSION = YES;
				CLANG_WARN_OBJC_ROOT_CLASS = YES_ERROR;
				CLANG_WARN_SUSPICIOUS_MOVE = YES;
				CLANG_WARN_UNREACHABLE_CODE = YES;
				CLANG_WARN__DUPLICATE_METHOD_MATCH = YES;
				"CODE_SIGN_IDENTITY[sdk=iphoneos*]" = "iPhone Developer";
				COPY_PHASE_STRIP = NO;
				DEBUG_INFORMATION_FORMAT = "dwarf-with-dsym";
				ENABLE_NS_ASSERTIONS = NO;
				ENABLE_STRICT_OBJC_MSGSEND = YES;
				GCC_C_LANGUAGE_STANDARD = gnu99;
				GCC_NO_COMMON_BLOCKS = YES;
				GCC_WARN_64_TO_32_BIT_CONVERSION = YES;
				GCC_WARN_ABOUT_RETURN_TYPE = YES_ERROR;
				GCC_WARN_UNDECLARED_SELECTOR = YES;
				GCC_WARN_UNINITIALIZED_AUTOS = YES_AGGRESSIVE;
				GCC_WARN_UNUSED_FUNCTION = YES;
				GCC_WARN_UNUSED_VARIABLE = YES;
				IPHONEOS_DEPLOYMENT_TARGET = 10.3;
				MTL_ENABLE_DEBUG_INFO = NO;
				SDKROOT = iphoneos;
				TARGETED_DEVICE_FAMILY = "1,2";
				VALIDATE_PRODUCT = YES;
			};
			name = Release;
		};
		1FDD1E1F1FA9AA06007F0B38 /* Debug */ = {
			isa = XCBuildConfiguration;
			buildSettings = {
				ASSETCATALOG_COMPILER_APPICON_NAME = AppIcon;
				INFOPLIST_FILE = FGRSelectPageView/Info.plist;
				LD_RUNPATH_SEARCH_PATHS = "$(inherited) @executable_path/Frameworks";
				PRODUCT_BUNDLE_IDENTIFIER = fgr.FGRSelectPageView;
				PRODUCT_NAME = "$(TARGET_NAME)";
			};
			name = Debug;
		};
		1FDD1E201FA9AA06007F0B38 /* Release */ = {
			isa = XCBuildConfiguration;
			buildSettings = {
				ASSETCATALOG_COMPILER_APPICON_NAME = AppIcon;
				INFOPLIST_FILE = FGRSelectPageView/Info.plist;
				LD_RUNPATH_SEARCH_PATHS = "$(inherited) @executable_path/Frameworks";
				PRODUCT_BUNDLE_IDENTIFIER = fgr.FGRSelectPageView;
				PRODUCT_NAME = "$(TARGET_NAME)";
			};
			name = Release;
		};
/* End XCBuildConfiguration section */

/* Begin XCConfigurationList section */
		1FDD1E021FA9AA06007F0B38 /* Build configuration list for PBXProject "FGRSelectPageView" */ = {
			isa = XCConfigurationList;
			buildConfigurations = (
				1FDD1E1C1FA9AA06007F0B38 /* Debug */,
				1FDD1E1D1FA9AA06007F0B38 /* Release */,
			);
			defaultConfigurationIsVisible = 0;
			defaultConfigurationName = Release;
		};
		1FDD1E1E1FA9AA06007F0B38 /* Build configuration list for PBXNativeTarget "FGRSelectPageView" */ = {
			isa = XCConfigurationList;
			buildConfigurations = (
				1FDD1E1F1FA9AA06007F0B38 /* Debug */,
				1FDD1E201FA9AA06007F0B38 /* Release */,
			);
			defaultConfigurationIsVisible = 0;
		};
/* End XCConfigurationList section */
	};
	rootObject = 1FDD1DFF1FA9AA06007F0B38 /* Project object */;
}
